// !$*UTF8*$!
{
	archiveVersion = 1;
	classes = {
	};
	objectVersion = 56;
	objects = {

/* Begin PBXBuildFile section */
		8BD5D8B92BB40CFE00D11A3C /* AppDelegate.swift in Sources */ = {isa = PBXBuildFile; fileRef = 8BD5D8B82BB40CFE00D11A3C /* AppDelegate.swift */; };
		8BD5D8BB2BB40CFE00D11A3C /* SceneDelegate.swift in Sources */ = {isa = PBXBuildFile; fileRef = 8BD5D8BA2BB40CFE00D11A3C /* SceneDelegate.swift */; };
		8BD5D8BD2BB40CFE00D11A3C /* ViewController.swift in Sources */ = {isa = PBXBuildFile; fileRef = 8BD5D8BC2BB40CFE00D11A3C /* ViewController.swift */; };
		8BD5D8C02BB40CFE00D11A3C /* Main.storyboard in Resources */ = {isa = PBXBuildFile; fileRef = 8BD5D8BE2BB40CFE00D11A3C /* Main.storyboard */; };
		8BD5D8C22BB40D0600D11A3C /* Assets.xcassets in Resources */ = {isa = PBXBuildFile; fileRef = 8BD5D8C12BB40D0600D11A3C /* Assets.xcassets */; };
		8BD5D8C52BB40D0600D11A3C /* LaunchScreen.storyboard in Resources */ = {isa = PBXBuildFile; fileRef = 8BD5D8C32BB40D0600D11A3C /* LaunchScreen.storyboard */; };
		8BD5D8D02BB40D0700D11A3C /* spmsampleTests.swift in Sources */ = {isa = PBXBuildFile; fileRef = 8BD5D8CF2BB40D0700D11A3C /* spmsampleTests.swift */; };
		8BD5D8DA2BB40D0700D11A3C /* spmsampleUITests.swift in Sources */ = {isa = PBXBuildFile; fileRef = 8BD5D8D92BB40D0700D11A3C /* spmsampleUITests.swift */; };
		8BD5D8DC2BB40D0700D11A3C /* spmsampleUITestsLaunchTests.swift in Sources */ = {isa = PBXBuildFile; fileRef = 8BD5D8DB2BB40D0700D11A3C /* spmsampleUITestsLaunchTests.swift */; };
		8BD5D8EA2BB40D4A00D11A3C /* SPMCore in Frameworks */ = {isa = PBXBuildFile; productRef = 8BD5D8E92BB40D4A00D11A3C /* SPMCore */; };
/* End PBXBuildFile section */

/* Begin PBXContainerItemProxy section */
		8BD5D8CC2BB40D0700D11A3C /* PBXContainerItemProxy */ = {
			isa = PBXContainerItemProxy;
			containerPortal = 8BD5D8AD2BB40CFE00D11A3C /* Project object */;
			proxyType = 1;
			remoteGlobalIDString = 8BD5D8B42BB40CFE00D11A3C;
			remoteInfo = spmsample;
		};
		8BD5D8D62BB40D0700D11A3C /* PBXContainerItemProxy */ = {
			isa = PBXContainerItemProxy;
			containerPortal = 8BD5D8AD2BB40CFE00D11A3C /* Project object */;
			proxyType = 1;
			remoteGlobalIDString = 8BD5D8B42BB40CFE00D11A3C;
			remoteInfo = spmsample;
		};
/* End PBXContainerItemProxy section */

/* Begin PBXFileReference section */
		8BD5D8B52BB40CFE00D11A3C /* spmsample.app */ = {isa = PBXFileReference; explicitFileType = wrapper.application; includeInIndex = 0; path = spmsample.app; sourceTree = BUILT_PRODUCTS_DIR; };
		8BD5D8B82BB40CFE00D11A3C /* AppDelegate.swift */ = {isa = PBXFileReference; lastKnownFileType = sourcecode.swift; path = AppDelegate.swift; sourceTree = "<group>"; };
		8BD5D8BA2BB40CFE00D11A3C /* SceneDelegate.swift */ = {isa = PBXFileReference; lastKnownFileType = sourcecode.swift; path = SceneDelegate.swift; sourceTree = "<group>"; };
		8BD5D8BC2BB40CFE00D11A3C /* ViewController.swift */ = {isa = PBXFileReference; lastKnownFileType = sourcecode.swift; path = ViewController.swift; sourceTree = "<group>"; };
		8BD5D8BF2BB40CFE00D11A3C /* Base */ = {isa = PBXFileReference; lastKnownFileType = file.storyboard; name = Base; path = Base.lproj/Main.storyboard; sourceTree = "<group>"; };
		8BD5D8C12BB40D0600D11A3C /* Assets.xcassets */ = {isa = PBXFileReference; lastKnownFileType = folder.assetcatalog; path = Assets.xcassets; sourceTree = "<group>"; };
		8BD5D8C42BB40D0600D11A3C /* Base */ = {isa = PBXFileReference; lastKnownFileType = file.storyboard; name = Base; path = Base.lproj/LaunchScreen.storyboard; sourceTree = "<group>"; };
		8BD5D8C62BB40D0600D11A3C /* Info.plist */ = {isa = PBXFileReference; lastKnownFileType = text.plist.xml; path = Info.plist; sourceTree = "<group>"; };
		8BD5D8CB2BB40D0700D11A3C /* spmsampleTests.xctest */ = {isa = PBXFileReference; explicitFileType = wrapper.cfbundle; includeInIndex = 0; path = spmsampleTests.xctest; sourceTree = BUILT_PRODUCTS_DIR; };
		8BD5D8CF2BB40D0700D11A3C /* spmsampleTests.swift */ = {isa = PBXFileReference; lastKnownFileType = sourcecode.swift; path = spmsampleTests.swift; sourceTree = "<group>"; };
		8BD5D8D52BB40D0700D11A3C /* spmsampleUITests.xctest */ = {isa = PBXFileReference; explicitFileType = wrapper.cfbundle; includeInIndex = 0; path = spmsampleUITests.xctest; sourceTree = BUILT_PRODUCTS_DIR; };
		8BD5D8D92BB40D0700D11A3C /* spmsampleUITests.swift */ = {isa = PBXFileReference; lastKnownFileType = sourcecode.swift; path = spmsampleUITests.swift; sourceTree = "<group>"; };
		8BD5D8DB2BB40D0700D11A3C /* spmsampleUITestsLaunchTests.swift */ = {isa = PBXFileReference; lastKnownFileType = sourcecode.swift; path = spmsampleUITestsLaunchTests.swift; sourceTree = "<group>"; };
/* End PBXFileReference section */

/* Begin PBXFrameworksBuildPhase section */
		8BD5D8B22BB40CFE00D11A3C /* Frameworks */ = {
			isa = PBXFrameworksBuildPhase;
			buildActionMask = 2147483647;
			files = (
				8BD5D8EA2BB40D4A00D11A3C /* SPMCore in Frameworks */,
			);
			runOnlyForDeploymentPostprocessing = 0;
		};
		8BD5D8C82BB40D0700D11A3C /* Frameworks */ = {
			isa = PBXFrameworksBuildPhase;
			buildActionMask = 2147483647;
			files = (
			);
			runOnlyForDeploymentPostprocessing = 0;
		};
		8BD5D8D22BB40D0700D11A3C /* Frameworks */ = {
			isa = PBXFrameworksBuildPhase;
			buildActionMask = 2147483647;
			files = (
			);
			runOnlyForDeploymentPostprocessing = 0;
		};
/* End PBXFrameworksBuildPhase section */

/* Begin PBXGroup section */
		8BD5D8AC2BB40CFE00D11A3C = {
			isa = PBXGroup;
			children = (
				8BD5D8B72BB40CFE00D11A3C /* spmsample */,
				8BD5D8CE2BB40D0700D11A3C /* spmsampleTests */,
				8BD5D8D82BB40D0700D11A3C /* spmsampleUITests */,
				8BD5D8B62BB40CFE00D11A3C /* Products */,
			);
			sourceTree = "<group>";
		};
		8BD5D8B62BB40CFE00D11A3C /* Products */ = {
			isa = PBXGroup;
			children = (
				8BD5D8B52BB40CFE00D11A3C /* spmsample.app */,
				8BD5D8CB2BB40D0700D11A3C /* spmsampleTests.xctest */,
				8BD5D8D52BB40D0700D11A3C /* spmsampleUITests.xctest */,
			);
			name = Products;
			sourceTree = "<group>";
		};
		8BD5D8B72BB40CFE00D11A3C /* spmsample */ = {
			isa = PBXGroup;
			children = (
				8BD5D8B82BB40CFE00D11A3C /* AppDelegate.swift */,
				8BD5D8BA2BB40CFE00D11A3C /* SceneDelegate.swift */,
				8BD5D8BC2BB40CFE00D11A3C /* ViewController.swift */,
				8BD5D8BE2BB40CFE00D11A3C /* Main.storyboard */,
				8BD5D8C12BB40D0600D11A3C /* Assets.xcassets */,
				8BD5D8C32BB40D0600D11A3C /* LaunchScreen.storyboard */,
				8BD5D8C62BB40D0600D11A3C /* Info.plist */,
			);
			path = spmsample;
			sourceTree = "<group>";
		};
		8BD5D8CE2BB40D0700D11A3C /* spmsampleTests */ = {
			isa = PBXGroup;
			children = (
				8BD5D8CF2BB40D0700D11A3C /* spmsampleTests.swift */,
			);
			path = spmsampleTests;
			sourceTree = "<group>";
		};
		8BD5D8D82BB40D0700D11A3C /* spmsampleUITests */ = {
			isa = PBXGroup;
			children = (
				8BD5D8D92BB40D0700D11A3C /* spmsampleUITests.swift */,
				8BD5D8DB2BB40D0700D11A3C /* spmsampleUITestsLaunchTests.swift */,
			);
			path = spmsampleUITests;
			sourceTree = "<group>";
		};
/* End PBXGroup section */

/* Begin PBXNativeTarget section */
		8BD5D8B42BB40CFE00D11A3C /* spmsample */ = {
			isa = PBXNativeTarget;
			buildConfigurationList = 8BD5D8DF2BB40D0700D11A3C /* Build configuration list for PBXNativeTarget "spmsample" */;
			buildPhases = (
				8BD5D8B12BB40CFE00D11A3C /* Sources */,
				8BD5D8B22BB40CFE00D11A3C /* Frameworks */,
				8BD5D8B32BB40CFE00D11A3C /* Resources */,
			);
			buildRules = (
			);
			dependencies = (
			);
			name = spmsample;
			packageProductDependencies = (
				8BD5D8E92BB40D4A00D11A3C /* SPMCore */,
			);
			productName = spmsample;
			productReference = 8BD5D8B52BB40CFE00D11A3C /* spmsample.app */;
			productType = "com.apple.product-type.application";
		};
		8BD5D8CA2BB40D0700D11A3C /* spmsampleTests */ = {
			isa = PBXNativeTarget;
			buildConfigurationList = 8BD5D8E22BB40D0700D11A3C /* Build configuration list for PBXNativeTarget "spmsampleTests" */;
			buildPhases = (
				8BD5D8C72BB40D0700D11A3C /* Sources */,
				8BD5D8C82BB40D0700D11A3C /* Frameworks */,
				8BD5D8C92BB40D0700D11A3C /* Resources */,
			);
			buildRules = (
			);
			dependencies = (
				8BD5D8CD2BB40D0700D11A3C /* PBXTargetDependency */,
			);
			name = spmsampleTests;
			productName = spmsampleTests;
			productReference = 8BD5D8CB2BB40D0700D11A3C /* spmsampleTests.xctest */;
			productType = "com.apple.product-type.bundle.unit-test";
		};
		8BD5D8D42BB40D0700D11A3C /* spmsampleUITests */ = {
			isa = PBXNativeTarget;
			buildConfigurationList = 8BD5D8E52BB40D0700D11A3C /* Build configuration list for PBXNativeTarget "spmsampleUITests" */;
			buildPhases = (
				8BD5D8D12BB40D0700D11A3C /* Sources */,
				8BD5D8D22BB40D0700D11A3C /* Frameworks */,
				8BD5D8D32BB40D0700D11A3C /* Resources */,
			);
			buildRules = (
			);
			dependencies = (
				8BD5D8D72BB40D0700D11A3C /* PBXTargetDependency */,
			);
			name = spmsampleUITests;
			productName = spmsampleUITests;
			productReference = 8BD5D8D52BB40D0700D11A3C /* spmsampleUITests.xctest */;
			productType = "com.apple.product-type.bundle.ui-testing";
		};
/* End PBXNativeTarget section */

/* Begin PBXProject section */
		8BD5D8AD2BB40CFE00D11A3C /* Project object */ = {
			isa = PBXProject;
			attributes = {
				BuildIndependentTargetsInParallel = 1;
				LastSwiftUpdateCheck = 1520;
				LastUpgradeCheck = 1520;
				TargetAttributes = {
					8BD5D8B42BB40CFE00D11A3C = {
						CreatedOnToolsVersion = 15.2;
					};
					8BD5D8CA2BB40D0700D11A3C = {
						CreatedOnToolsVersion = 15.2;
						TestTargetID = 8BD5D8B42BB40CFE00D11A3C;
					};
					8BD5D8D42BB40D0700D11A3C = {
						CreatedOnToolsVersion = 15.2;
						TestTargetID = 8BD5D8B42BB40CFE00D11A3C;
					};
				};
			};
			buildConfigurationList = 8BD5D8B02BB40CFE00D11A3C /* Build configuration list for PBXProject "spmsample" */;
			compatibilityVersion = "Xcode 14.0";
			developmentRegion = en;
			hasScannedForEncodings = 0;
			knownRegions = (
				en,
				Base,
			);
			mainGroup = 8BD5D8AC2BB40CFE00D11A3C;
			packageReferences = (
				8BD5D8E82BB40D4A00D11A3C /* XCRemoteSwiftPackageReference "SPMCore" */,
			);
			productRefGroup = 8BD5D8B62BB40CFE00D11A3C /* Products */;
			projectDirPath = "";
			projectRoot = "";
			targets = (
				8BD5D8B42BB40CFE00D11A3C /* spmsample */,
				8BD5D8CA2BB40D0700D11A3C /* spmsampleTests */,
				8BD5D8D42BB40D0700D11A3C /* spmsampleUITests */,
			);
		};
/* End PBXProject section */

/* Begin PBXResourcesBuildPhase section */
		8BD5D8B32BB40CFE00D11A3C /* Resources */ = {
			isa = PBXResourcesBuildPhase;
			buildActionMask = 2147483647;
			files = (
				8BD5D8C52BB40D0600D11A3C /* LaunchScreen.storyboard in Resources */,
				8BD5D8C22BB40D0600D11A3C /* Assets.xcassets in Resources */,
				8BD5D8C02BB40CFE00D11A3C /* Main.storyboard in Resources */,
			);
			runOnlyForDeploymentPostprocessing = 0;
		};
		8BD5D8C92BB40D0700D11A3C /* Resources */ = {
			isa = PBXResourcesBuildPhase;
			buildActionMask = 2147483647;
			files = (
			);
			runOnlyForDeploymentPostprocessing = 0;
		};
		8BD5D8D32BB40D0700D11A3C /* Resources */ = {
			isa = PBXResourcesBuildPhase;
			buildActionMask = 2147483647;
			files = (
			);
			runOnlyForDeploymentPostprocessing = 0;
		};
/* End PBXResourcesBuildPhase section */

/* Begin PBXSourcesBuildPhase section */
		8BD5D8B12BB40CFE00D11A3C /* Sources */ = {
			isa = PBXSourcesBuildPhase;
			buildActionMask = 2147483647;
			files = (
				8BD5D8BD2BB40CFE00D11A3C /* ViewController.swift in Sources */,
				8BD5D8B92BB40CFE00D11A3C /* AppDelegate.swift in Sources */,
				8BD5D8BB2BB40CFE00D11A3C /* SceneDelegate.swift in Sources */,
			);
			runOnlyForDeploymentPostprocessing = 0;
		};
		8BD5D8C72BB40D0700D11A3C /* Sources */ = {
			isa = PBXSourcesBuildPhase;
			buildActionMask = 2147483647;
			files = (
				8BD5D8D02BB40D0700D11A3C /* spmsampleTests.swift in Sources */,
			);
			runOnlyForDeploymentPostprocessing = 0;
		};
		8BD5D8D12BB40D0700D11A3C /* Sources */ = {
			isa = PBXSourcesBuildPhase;
			buildActionMask = 2147483647;
			files = (
				8BD5D8DA2BB40D0700D11A3C /* spmsampleUITests.swift in Sources */,
				8BD5D8DC2BB40D0700D11A3C /* spmsampleUITestsLaunchTests.swift in Sources */,
			);
			runOnlyForDeploymentPostprocessing = 0;
		};
/* End PBXSourcesBuildPhase section */

/* Begin PBXTargetDependency section */
		8BD5D8CD2BB40D0700D11A3C /* PBXTargetDependency */ = {
			isa = PBXTargetDependency;
			target = 8BD5D8B42BB40CFE00D11A3C /* spmsample */;
			targetProxy = 8BD5D8CC2BB40D0700D11A3C /* PBXContainerItemProxy */;
		};
		8BD5D8D72BB40D0700D11A3C /* PBXTargetDependency */ = {
			isa = PBXTargetDependency;
			target = 8BD5D8B42BB40CFE00D11A3C /* spmsample */;
			targetProxy = 8BD5D8D62BB40D0700D11A3C /* PBXContainerItemProxy */;
		};
/* End PBXTargetDependency section */

/* Begin PBXVariantGroup section */
		8BD5D8BE2BB40CFE00D11A3C /* Main.storyboard */ = {
			isa = PBXVariantGroup;
			children = (
				8BD5D8BF2BB40CFE00D11A3C /* Base */,
			);
			name = Main.storyboard;
			sourceTree = "<group>";
		};
		8BD5D8C32BB40D0600D11A3C /* LaunchScreen.storyboard */ = {
			isa = PBXVariantGroup;
			children = (
				8BD5D8C42BB40D0600D11A3C /* Base */,
			);
			name = LaunchScreen.storyboard;
			sourceTree = "<group>";
		};
/* End PBXVariantGroup section */

/* Begin XCBuildConfiguration section */
		8BD5D8DD2BB40D0700D11A3C /* Debug */ = {
			isa = XCBuildConfiguration;
			buildSettings = {
				ALWAYS_SEARCH_USER_PATHS = NO;
				ASSETCATALOG_COMPILER_GENERATE_SWIFT_ASSET_SYMBOL_EXTENSIONS = YES;
				CLANG_ANALYZER_NONNULL = YES;
				CLANG_ANALYZER_NUMBER_OBJECT_CONVERSION = YES_AGGRESSIVE;
				CLANG_CXX_LANGUAGE_STANDARD = "gnu++20";
				CLANG_ENABLE_MODULES = YES;
				CLANG_ENABLE_OBJC_ARC = YES;
				CLANG_ENABLE_OBJC_WEAK = YES;
				CLANG_WARN_BLOCK_CAPTURE_AUTORELEASING = YES;
				CLANG_WARN_BOOL_CONVERSION = YES;
				CLANG_WARN_COMMA = YES;
				CLANG_WARN_CONSTANT_CONVERSION = YES;
				CLANG_WARN_DEPRECATED_OBJC_IMPLEMENTATIONS = YES;
				CLANG_WARN_DIRECT_OBJC_ISA_USAGE = YES_ERROR;
				CLANG_WARN_DOCUMENTATION_COMMENTS = YES;
				CLANG_WARN_EMPTY_BODY = YES;
				CLANG_WARN_ENUM_CONVERSION = YES;
				CLANG_WARN_INFINITE_RECURSION = YES;
				CLANG_WARN_INT_CONVERSION = YES;
				CLANG_WARN_NON_LITERAL_NULL_CONVERSION = YES;
				CLANG_WARN_OBJC_IMPLICIT_RETAIN_SELF = YES;
				CLANG_WARN_OBJC_LITERAL_CONVERSION = YES;
				CLANG_WARN_OBJC_ROOT_CLASS = YES_ERROR;
				CLANG_WARN_QUOTED_INCLUDE_IN_FRAMEWORK_HEADER = YES;
				CLANG_WARN_RANGE_LOOP_ANALYSIS = YES;
				CLANG_WARN_STRICT_PROTOTYPES = YES;
				CLANG_WARN_SUSPICIOUS_MOVE = YES;
				CLANG_WARN_UNGUARDED_AVAILABILITY = YES_AGGRESSIVE;
				CLANG_WARN_UNREACHABLE_CODE = YES;
				CLANG_WARN__DUPLICATE_METHOD_MATCH = YES;
				COPY_PHASE_STRIP = NO;
				DEBUG_INFORMATION_FORMAT = dwarf;
				ENABLE_STRICT_OBJC_MSGSEND = YES;
				ENABLE_TESTABILITY = YES;
				ENABLE_USER_SCRIPT_SANDBOXING = YES;
				GCC_C_LANGUAGE_STANDARD = gnu17;
				GCC_DYNAMIC_NO_PIC = NO;
				GCC_NO_COMMON_BLOCKS = YES;
				GCC_OPTIMIZATION_LEVEL = 0;
				GCC_PREPROCESSOR_DEFINITIONS = (
					"DEBUG=1",
					"$(inherited)",
				);
				GCC_WARN_64_TO_32_BIT_CONVERSION = YES;
				GCC_WARN_ABOUT_RETURN_TYPE = YES_ERROR;
				GCC_WARN_UNDECLARED_SELECTOR = YES;
				GCC_WARN_UNINITIALIZED_AUTOS = YES_AGGRESSIVE;
				GCC_WARN_UNUSED_FUNCTION = YES;
				GCC_WARN_UNUSED_VARIABLE = YES;
				IPHONEOS_DEPLOYMENT_TARGET = 17.2;
				LOCALIZATION_PREFERS_STRING_CATALOGS = YES;
				MTL_ENABLE_DEBUG_INFO = INCLUDE_SOURCE;
				MTL_FAST_MATH = YES;
				ONLY_ACTIVE_ARCH = YES;
				SDKROOT = iphoneos;
				SWIFT_ACTIVE_COMPILATION_CONDITIONS = "DEBUG $(inherited)";
				SWIFT_OPTIMIZATION_LEVEL = "-Onone";
			};
			name = Debug;
		};
		8BD5D8DE2BB40D0700D11A3C /* Release */ = {
			isa = XCBuildConfiguration;
			buildSettings = {
				ALWAYS_SEARCH_USER_PATHS = NO;
				ASSETCATALOG_COMPILER_GENERATE_SWIFT_ASSET_SYMBOL_EXTENSIONS = YES;
				CLANG_ANALYZER_NONNULL = YES;
				CLANG_ANALYZER_NUMBER_OBJECT_CONVERSION = YES_AGGRESSIVE;
				CLANG_CXX_LANGUAGE_STANDARD = "gnu++20";
				CLANG_ENABLE_MODULES = YES;
				CLANG_ENABLE_OBJC_ARC = YES;
				CLANG_ENABLE_OBJC_WEAK = YES;
				CLANG_WARN_BLOCK_CAPTURE_AUTORELEASING = YES;
				CLANG_WARN_BOOL_CONVERSION = YES;
				CLANG_WARN_COMMA = YES;
				CLANG_WARN_CONSTANT_CONVERSION = YES;
				CLANG_WARN_DEPRECATED_OBJC_IMPLEMENTATIONS = YES;
				CLANG_WARN_DIRECT_OBJC_ISA_USAGE = YES_ERROR;
				CLANG_WARN_DOCUMENTATION_COMMENTS = YES;
				CLANG_WARN_EMPTY_BODY = YES;
				CLANG_WARN_ENUM_CONVERSION = YES;
				CLANG_WARN_INFINITE_RECURSION = YES;
				CLANG_WARN_INT_CONVERSION = YES;
				CLANG_WARN_NON_LITERAL_NULL_CONVERSION = YES;
				CLANG_WARN_OBJC_IMPLICIT_RETAIN_SELF = YES;
				CLANG_WARN_OBJC_LITERAL_CONVERSION = YES;
				CLANG_WARN_OBJC_ROOT_CLASS = YES_ERROR;
				CLANG_WARN_QUOTED_INCLUDE_IN_FRAMEWORK_HEADER = YES;
				CLANG_WARN_RANGE_LOOP_ANALYSIS = YES;
				CLANG_WARN_STRICT_PROTOTYPES = YES;
				CLANG_WARN_SUSPICIOUS_MOVE = YES;
				CLANG_WARN_UNGUARDED_AVAILABILITY = YES_AGGRESSIVE;
				CLANG_WARN_UNREACHABLE_CODE = YES;
				CLANG_WARN__DUPLICATE_METHOD_MATCH = YES;
				COPY_PHASE_STRIP = NO;
				DEBUG_INFORMATION_FORMAT = "dwarf-with-dsym";
				ENABLE_NS_ASSERTIONS = NO;
				ENABLE_STRICT_OBJC_MSGSEND = YES;
				ENABLE_USER_SCRIPT_SANDBOXING = YES;
				GCC_C_LANGUAGE_STANDARD = gnu17;
				GCC_NO_COMMON_BLOCKS = YES;
				GCC_WARN_64_TO_32_BIT_CONVERSION = YES;
				GCC_WARN_ABOUT_RETURN_TYPE = YES_ERROR;
				GCC_WARN_UNDECLARED_SELECTOR = YES;
				GCC_WARN_UNINITIALIZED_AUTOS = YES_AGGRESSIVE;
				GCC_WARN_UNUSED_FUNCTION = YES;
				GCC_WARN_UNUSED_VARIABLE = YES;
				IPHONEOS_DEPLOYMENT_TARGET = 17.2;
				LOCALIZATION_PREFERS_STRING_CATALOGS = YES;
				MTL_ENABLE_DEBUG_INFO = NO;
				MTL_FAST_MATH = YES;
				SDKROOT = iphoneos;
				SWIFT_COMPILATION_MODE = wholemodule;
				VALIDATE_PRODUCT = YES;
			};
			name = Release;
		};
		8BD5D8E02BB40D0700D11A3C /* Debug */ = {
			isa = XCBuildConfiguration;
			buildSettings = {
				ASSETCATALOG_COMPILER_APPICON_NAME = AppIcon;
				ASSETCATALOG_COMPILER_GLOBAL_ACCENT_COLOR_NAME = AccentColor;
				CODE_SIGN_STYLE = Automatic;
				CURRENT_PROJECT_VERSION = 1;
				GENERATE_INFOPLIST_FILE = YES;
				INFOPLIST_FILE = spmsample/Info.plist;
				INFOPLIST_KEY_UIApplicationSupportsIndirectInputEvents = YES;
				INFOPLIST_KEY_UILaunchStoryboardName = LaunchScreen;
				INFOPLIST_KEY_UIMainStoryboardFile = Main;
				INFOPLIST_KEY_UISupportedInterfaceOrientations_iPad = "UIInterfaceOrientationPortrait UIInterfaceOrientationPortraitUpsideDown UIInterfaceOrientationLandscapeLeft UIInterfaceOrientationLandscapeRight";
				INFOPLIST_KEY_UISupportedInterfaceOrientations_iPhone = "UIInterfaceOrientationPortrait UIInterfaceOrientationLandscapeLeft UIInterfaceOrientationLandscapeRight";
				LD_RUNPATH_SEARCH_PATHS = (
					"$(inherited)",
					"@executable_path/Frameworks",
				);
				MARKETING_VERSION = 1.0;
				PRODUCT_BUNDLE_IDENTIFIER = com.obs.spmsample;
				PRODUCT_NAME = "$(TARGET_NAME)";
				SWIFT_EMIT_LOC_STRINGS = YES;
				SWIFT_VERSION = 5.0;
				TARGETED_DEVICE_FAMILY = "1,2";
			};
			name = Debug;
		};
		8BD5D8E12BB40D0700D11A3C /* Release */ = {
			isa = XCBuildConfiguration;
			buildSettings = {
				ASSETCATALOG_COMPILER_APPICON_NAME = AppIcon;
				ASSETCATALOG_COMPILER_GLOBAL_ACCENT_COLOR_NAME = AccentColor;
				CODE_SIGN_STYLE = Automatic;
				CURRENT_PROJECT_VERSION = 1;
				GENERATE_INFOPLIST_FILE = YES;
				INFOPLIST_FILE = spmsample/Info.plist;
				INFOPLIST_KEY_UIApplicationSupportsIndirectInputEvents = YES;
				INFOPLIST_KEY_UILaunchStoryboardName = LaunchScreen;
				INFOPLIST_KEY_UIMainStoryboardFile = Main;
				INFOPLIST_KEY_UISupportedInterfaceOrientations_iPad = "UIInterfaceOrientationPortrait UIInterfaceOrientationPortraitUpsideDown UIInterfaceOrientationLandscapeLeft UIInterfaceOrientationLandscapeRight";
				INFOPLIST_KEY_UISupportedInterfaceOrientations_iPhone = "UIInterfaceOrientationPortrait UIInterfaceOrientationLandscapeLeft UIInterfaceOrientationLandscapeRight";
				LD_RUNPATH_SEARCH_PATHS = (
					"$(inherited)",
					"@executable_path/Frameworks",
				);
				MARKETING_VERSION = 1.0;
				PRODUCT_BUNDLE_IDENTIFIER = com.obs.spmsample;
				PRODUCT_NAME = "$(TARGET_NAME)";
				SWIFT_EMIT_LOC_STRINGS = YES;
				SWIFT_VERSION = 5.0;
				TARGETED_DEVICE_FAMILY = "1,2";
			};
			name = Release;
		};
		8BD5D8E32BB40D0700D11A3C /* Debug */ = {
			isa = XCBuildConfiguration;
			buildSettings = {
				ALWAYS_EMBED_SWIFT_STANDARD_LIBRARIES = YES;
				BUNDLE_LOADER = "$(TEST_HOST)";
				CODE_SIGN_STYLE = Automatic;
				CURRENT_PROJECT_VERSION = 1;
				GENERATE_INFOPLIST_FILE = YES;
				IPHONEOS_DEPLOYMENT_TARGET = 17.2;
				MARKETING_VERSION = 1.0;
				PRODUCT_BUNDLE_IDENTIFIER = com.obs.spmsampleTests;
				PRODUCT_NAME = "$(TARGET_NAME)";
				SWIFT_EMIT_LOC_STRINGS = NO;
				SWIFT_VERSION = 5.0;
				TARGETED_DEVICE_FAMILY = "1,2";
				TEST_HOST = "$(BUILT_PRODUCTS_DIR)/spmsample.app/$(BUNDLE_EXECUTABLE_FOLDER_PATH)/spmsample";
			};
			name = Debug;
		};
		8BD5D8E42BB40D0700D11A3C /* Release */ = {
			isa = XCBuildConfiguration;
			buildSettings = {
				ALWAYS_EMBED_SWIFT_STANDARD_LIBRARIES = YES;
				BUNDLE_LOADER = "$(TEST_HOST)";
				CODE_SIGN_STYLE = Automatic;
				CURRENT_PROJECT_VERSION = 1;
				GENERATE_INFOPLIST_FILE = YES;
				IPHONEOS_DEPLOYMENT_TARGET = 17.2;
				MARKETING_VERSION = 1.0;
				PRODUCT_BUNDLE_IDENTIFIER = com.obs.spmsampleTests;
				PRODUCT_NAME = "$(TARGET_NAME)";
				SWIFT_EMIT_LOC_STRINGS = NO;
				SWIFT_VERSION = 5.0;
				TARGETED_DEVICE_FAMILY = "1,2";
				TEST_HOST = "$(BUILT_PRODUCTS_DIR)/spmsample.app/$(BUNDLE_EXECUTABLE_FOLDER_PATH)/spmsample";
			};
			name = Release;
		};
		8BD5D8E62BB40D0700D11A3C /* Debug */ = {
			isa = XCBuildConfiguration;
			buildSettings = {
				ALWAYS_EMBED_SWIFT_STANDARD_LIBRARIES = YES;
				CODE_SIGN_STYLE = Automatic;
				CURRENT_PROJECT_VERSION = 1;
				GENERATE_INFOPLIST_FILE = YES;
				MARKETING_VERSION = 1.0;
				PRODUCT_BUNDLE_IDENTIFIER = com.obs.spmsampleUITests;
				PRODUCT_NAME = "$(TARGET_NAME)";
				SWIFT_EMIT_LOC_STRINGS = NO;
				SWIFT_VERSION = 5.0;
				TARGETED_DEVICE_FAMILY = "1,2";
				TEST_TARGET_NAME = spmsample;
			};
			name = Debug;
		};
		8BD5D8E72BB40D0700D11A3C /* Release */ = {
			isa = XCBuildConfiguration;
			buildSettings = {
				ALWAYS_EMBED_SWIFT_STANDARD_LIBRARIES = YES;
				CODE_SIGN_STYLE = Automatic;
				CURRENT_PROJECT_VERSION = 1;
				GENERATE_INFOPLIST_FILE = YES;
				MARKETING_VERSION = 1.0;
				PRODUCT_BUNDLE_IDENTIFIER = com.obs.spmsampleUITests;
				PRODUCT_NAME = "$(TARGET_NAME)";
				SWIFT_EMIT_LOC_STRINGS = NO;
				SWIFT_VERSION = 5.0;
				TARGETED_DEVICE_FAMILY = "1,2";
				TEST_TARGET_NAME = spmsample;
			};
			name = Release;
		};
/* End XCBuildConfiguration section */

/* Begin XCConfigurationList section */
		8BD5D8B02BB40CFE00D11A3C /* Build configuration list for PBXProject "spmsample" */ = {
			isa = XCConfigurationList;
			buildConfigurations = (
				8BD5D8DD2BB40D0700D11A3C /* Debug */,
				8BD5D8DE2BB40D0700D11A3C /* Release */,
			);
			defaultConfigurationIsVisible = 0;
			defaultConfigurationName = Release;
		};
		8BD5D8DF2BB40D0700D11A3C /* Build configuration list for PBXNativeTarget "spmsample" */ = {
			isa = XCConfigurationList;
			buildConfigurations = (
				8BD5D8E02BB40D0700D11A3C /* Debug */,
				8BD5D8E12BB40D0700D11A3C /* Release */,
			);
			defaultConfigurationIsVisible = 0;
			defaultConfigurationName = Release;
		};
		8BD5D8E22BB40D0700D11A3C /* Build configuration list for PBXNativeTarget "spmsampleTests" */ = {
			isa = XCConfigurationList;
			buildConfigurations = (
				8BD5D8E32BB40D0700D11A3C /* Debug */,
				8BD5D8E42BB40D0700D11A3C /* Release */,
			);
			defaultConfigurationIsVisible = 0;
			defaultConfigurationName = Release;
		};
		8BD5D8E52BB40D0700D11A3C /* Build configuration list for PBXNativeTarget "spmsampleUITests" */ = {
			isa = XCConfigurationList;
			buildConfigurations = (
				8BD5D8E62BB40D0700D11A3C /* Debug */,
				8BD5D8E72BB40D0700D11A3C /* Release */,
			);
			defaultConfigurationIsVisible = 0;
			defaultConfigurationName = Release;
		};
/* End XCConfigurationList section */

/* Begin XCRemoteSwiftPackageReference section */
		8BD5D8E82BB40D4A00D11A3C /* XCRemoteSwiftPackageReference "SPMCore" */ = {
			isa = XCRemoteSwiftPackageReference;
			repositoryURL = "https://github.com/a-karthi/SPMCore.git";
			requirement = {
				branch = main;
				kind = branch;
			};
		};
/* End XCRemoteSwiftPackageReference section */

/* Begin XCSwiftPackageProductDependency section */
		8BD5D8E92BB40D4A00D11A3C /* SPMCore */ = {
			isa = XCSwiftPackageProductDependency;
			package = 8BD5D8E82BB40D4A00D11A3C /* XCRemoteSwiftPackageReference "SPMCore" */;
			productName = SPMCore;
		};
/* End XCSwiftPackageProductDependency section */
	};
	rootObject = 8BD5D8AD2BB40CFE00D11A3C /* Project object */;
}
